
Microsoft Visual Studio Solution File, Format Version 12.00
# Visual Studio Version 17
VisualStudioVersion = 17.0.31903.59
MinimumVisualStudioVersion = 10.0.40219.1
Project("{2150E333-8FDC-42A3-9474-1A3956D46DE8}") = "src", "src", "{827E0CD3-B72D-47B6-A68D-7590B98EB39B}"
EndProject
Project("{FAE04EC0-301F-11D3-BF4B-00C04F79EFBC}") = "Snaptiq.Core", "src\Snaptiq.Core\Snaptiq.Core.csproj", "{CEBDF074-052B-4451-AA95-61FF3165509F}"
EndProject
Project("{FAE04EC0-301F-11D3-BF4B-00C04F79EFBC}") = "Snaptiq.Cli", "src\Snaptiq.Cli\Snaptiq.Cli.csproj", "{8406E27A-4E7F-470F-B7F0-843FC52E846D}"
EndProject
Project("{FAE04EC0-301F-11D3-BF4B-00C04F79EFBC}") = "Snaptiq.Tests", "src\Snaptiq.Tests\Snaptiq.Tests.csproj", "{E040D18F-8F16-4A81-B510-130E6958C3B0}"
EndProject
Global
	GlobalSection(SolutionConfigurationPlatforms) = preSolution
		Debug|Any CPU = Debug|Any CPU
		Debug|x64 = Debug|x64
		Debug|x86 = Debug|x86
		Release|Any CPU = Release|Any CPU
		Release|x64 = Release|x64
		Release|x86 = Release|x86
	EndGlobalSection
	GlobalSection(ProjectConfigurationPlatforms) = postSolution
		{CEBDF074-052B-4451-AA95-61FF3165509F}.Debug|Any CPU.ActiveCfg = Debug|Any CPU
		{CEBDF074-052B-4451-AA95-61FF3165509F}.Debug|Any CPU.Build.0 = Debug|Any CPU
		{CEBDF074-052B-4451-AA95-61FF3165509F}.Debug|x64.ActiveCfg = Debug|Any CPU
		{CEBDF074-052B-4451-AA95-61FF3165509F}.Debug|x64.Build.0 = Debug|Any CPU
		{CEBDF074-052B-4451-AA95-61FF3165509F}.Debug|x86.ActiveCfg = Debug|Any CPU
		{CEBDF074-052B-4451-AA95-61FF3165509F}.Debug|x86.Build.0 = Debug|Any CPU
		{CEBDF074-052B-4451-AA95-61FF3165509F}.Release|Any CPU.ActiveCfg = Release|Any CPU
		{CEBDF074-052B-4451-AA95-61FF3165509F}.Release|Any CPU.Build.0 = Release|Any CPU
		{CEBDF074-052B-4451-AA95-61FF3165509F}.Release|x64.ActiveCfg = Release|Any CPU
		{CEBDF074-052B-4451-AA95-61FF3165509F}.Release|x64.Build.0 = Release|Any CPU
		{CEBDF074-052B-4451-AA95-61FF3165509F}.Release|x86.ActiveCfg = Release|Any CPU
		{CEBDF074-052B-4451-AA95-61FF3165509F}.Release|x86.Build.0 = Release|Any CPU
		{8406E27A-4E7F-470F-B7F0-843FC52E846D}.Debug|Any CPU.ActiveCfg = Debug|Any CPU
		{8406E27A-4E7F-470F-B7F0-843FC52E846D}.Debug|Any CPU.Build.0 = Debug|Any CPU
		{8406E27A-4E7F-470F-B7F0-843FC52E846D}.Debug|x64.ActiveCfg = Debug|Any CPU
		{8406E27A-4E7F-470F-B7F0-843FC52E846D}.Debug|x64.Build.0 = Debug|Any CPU
		{8406E27A-4E7F-470F-B7F0-843FC52E846D}.Debug|x86.ActiveCfg = Debug|Any CPU
		{8406E27A-4E7F-470F-B7F0-843FC52E846D}.Debug|x86.Build.0 = Debug|Any CPU
		{8406E27A-4E7F-470F-B7F0-843FC52E846D}.Release|Any CPU.ActiveCfg = Release|Any CPU
		{8406E27A-4E7F-470F-B7F0-843FC52E846D}.Release|Any CPU.Build.0 = Release|Any CPU
		{8406E27A-4E7F-470F-B7F0-843FC52E846D}.Release|x64.ActiveCfg = Release|Any CPU
		{8406E27A-4E7F-470F-B7F0-843FC52E846D}.Release|x64.Build.0 = Release|Any CPU
		{8406E27A-4E7F-470F-B7F0-843FC52E846D}.Release|x86.ActiveCfg = Release|Any CPU
		{8406E27A-4E7F-470F-B7F0-843FC52E846D}.Release|x86.Build.0 = Release|Any CPU
		{E040D18F-8F16-4A81-B510-130E6958C3B0}.Debug|Any CPU.ActiveCfg = Debug|Any CPU
		{E040D18F-8F16-4A81-B510-130E6958C3B0}.Debug|Any CPU.Build.0 = Debug|Any CPU
		{E040D18F-8F16-4A81-B510-130E6958C3B0}.Debug|x64.ActiveCfg = Debug|Any CPU
		{E040D18F-8F16-4A81-B510-130E6958C3B0}.Debug|x64.Build.0 = Debug|Any CPU
		{E040D18F-8F16-4A81-B510-130E6958C3B0}.Debug|x86.ActiveCfg = Debug|Any CPU
		{E040D18F-8F16-4A81-B510-130E6958C3B0}.Debug|x86.Build.0 = Debug|Any CPU
		{E040D18F-8F16-4A81-B510-130E6958C3B0}.Release|Any CPU.ActiveCfg = Release|Any CPU
		{E040D18F-8F16-4A81-B510-130E6958C3B0}.Release|Any CPU.Build.0 = Release|Any CPU
		{E040D18F-8F16-4A81-B510-130E6958C3B0}.Release|x64.ActiveCfg = Release|Any CPU
		{E040D18F-8F16-4A81-B510-130E6958C3B0}.Release|x64.Build.0 = Release|Any CPU
		{E040D18F-8F16-4A81-B510-130E6958C3B0}.Release|x86.ActiveCfg = Release|Any CPU
		{E040D18F-8F16-4A81-B510-130E6958C3B0}.Release|x86.Build.0 = Release|Any CPU
	EndGlobalSection
	GlobalSection(SolutionProperties) = preSolution
		HideSolutionNode = FALSE
	EndGlobalSection
	GlobalSection(NestedProjects) = preSolution
		{CEBDF074-052B-4451-AA95-61FF3165509F} = {827E0CD3-B72D-47B6-A68D-7590B98EB39B}
		{8406E27A-4E7F-470F-B7F0-843FC52E846D} = {827E0CD3-B72D-47B6-A68D-7590B98EB39B}
		{E040D18F-8F16-4A81-B510-130E6958C3B0} = {827E0CD3-B72D-47B6-A68D-7590B98EB39B}
	EndGlobalSection
EndGlobal
